
Microsoft Visual Studio Solution File, Format Version 12.00
# Visual Studio Version 16
VisualStudioVersion = 16.0.29306.81
MinimumVisualStudioVersion = 10.0.40219.1
Project("{FAE04EC0-301F-11D3-BF4B-00C04F79EFBC}") = "Bootstrap", "Bootstrap.csproj", "{47580B0B-4543-4097-8222-610F2850F5D9}"
EndProject
Global
	GlobalSection(SolutionConfigurationPlatforms) = preSolution
		Debug|Any CPU = Debug|Any CPU
		Release|Any CPU = Release|Any CPU
	EndGlobalSection
	GlobalSection(ProjectConfigurationPlatforms) = postSolution
		{47580B0B-4543-4097-8222-610F2850F5D9}.Debug|Any CPU.ActiveCfg = Debug|Any CPU
		{47580B0B-4543-4097-8222-610F2850F5D9}.Debug|Any CPU.Build.0 = Debug|Any CPU
		{47580B0B-4543-4097-8222-610F2850F5D9}.Release|Any CPU.ActiveCfg = Release|Any CPU
		{47580B0B-4543-4097-8222-610F2850F5D9}.Release|Any CPU.Build.0 = Release|Any CPU
	EndGlobalSection
	GlobalSection(SolutionProperties) = preSolution
		HideSolutionNode = FALSE
	EndGlobalSection
	GlobalSection(ExtensibilityGlobals) = postSolution
		SolutionGuid = {3D5787DA-4624-4F27-8A52-A025D1BA9F96}
	EndGlobalSection
EndGlobal
